
Microsoft Visual Studio Solution File, Format Version 12.00
# Visual Studio 15
VisualStudioVersion = 15.0.28307.1259
MinimumVisualStudioVersion = 10.0.40219.1
Project("{FAE04EC0-301F-11D3-BF4B-00C04F79EFBC}") = "GuessMe", "GuessMe\GuessMe.csproj", "{97E5B23B-6F79-497E-AAE6-BF61160A33B8}"
EndProject
Global
	GlobalSection(SolutionConfigurationPlatforms) = preSolution
		Debug|Any CPU = Debug|Any CPU
		Release|Any CPU = Release|Any CPU
	EndGlobalSection
	GlobalSection(ProjectConfigurationPlatforms) = postSolution
		{97E5B23B-6F79-497E-AAE6-BF61160A33B8}.Debug|Any CPU.ActiveCfg = Debug|Any CPU
		{97E5B23B-6F79-497E-AAE6-BF61160A33B8}.Debug|Any CPU.Build.0 = Debug|Any CPU
		{97E5B23B-6F79-497E-AAE6-BF61160A33B8}.Release|Any CPU.ActiveCfg = Release|Any CPU
		{97E5B23B-6F79-497E-AAE6-BF61160A33B8}.Release|Any CPU.Build.0 = Release|Any CPU
	EndGlobalSection
	GlobalSection(SolutionProperties) = preSolution
		HideSolutionNode = FALSE
	EndGlobalSection
	GlobalSection(ExtensibilityGlobals) = postSolution
		SolutionGuid = {C481E85B-940A-43A7-9046-DE84B27A88D3}
	EndGlobalSection
EndGlobal
